
Microsoft Visual Studio Solution File, Format Version 12.00
# Visual Studio Version 16
VisualStudioVersion = 16.0.29306.81
MinimumVisualStudioVersion = 10.0.40219.1
Project("{FAE04EC0-301F-11D3-BF4B-00C04F79EFBC}") = "parallel.for", "parallel.for\parallel.for.csproj", "{5682C651-1D4A-4E82-A003-0A7C579D3A7A}"
EndProject
Project("{FAE04EC0-301F-11D3-BF4B-00C04F79EFBC}") = "parallel.foreach", "parallel.foreach\parallel.foreach.csproj", "{7A7830E0-67FE-44D7-878D-3C4B4C4A3D68}"
EndProject
Project("{FAE04EC0-301F-11D3-BF4B-00C04F79EFBC}") = "parallel.invoke", "parallel.invoke\parallel.invoke.csproj", "{41F07BA7-1BA1-45E5-9730-627647B6551F}"
EndProject
Project("{FAE04EC0-301F-11D3-BF4B-00C04F79EFBC}") = "parallel.for.stop", "parallel.for.stop\parallel.for.stop.csproj", "{D8529C4B-8E8C-489E-BC58-10F463675C14}"
EndProject
Project("{FAE04EC0-301F-11D3-BF4B-00C04F79EFBC}") = "parallel.linq.query", "parallel.linq.query\parallel.linq.query.csproj", "{E550C021-9211-4F17-A136-9DB3A97D811D}"
EndProject
Project("{FAE04EC0-301F-11D3-BF4B-00C04F79EFBC}") = "parallel.linq.ordered.and.sequential", "parallel.linq.ordered.and.sequential\parallel.linq.ordered.and.sequential.csproj", "{48796039-BD92-45F7-A7AD-5D382C96E7AD}"
EndProject
Project("{FAE04EC0-301F-11D3-BF4B-00C04F79EFBC}") = "parallel.for.all", "parallel.for.all\parallel.for.all.csproj", "{D0F07DB1-C9C9-4099-82F7-B6BDE00CE2C2}"
EndProject
Project("{FAE04EC0-301F-11D3-BF4B-00C04F79EFBC}") = "parallel.exceptions", "parallel.exceptions\parallel.exceptions.csproj", "{0C17102B-A692-42F7-AAB6-9A1454E33F6A}"
EndProject
Project("{FAE04EC0-301F-11D3-BF4B-00C04F79EFBC}") = "task.return.value", "task.return.value\task.return.value.csproj", "{0E417453-D847-48A4-A414-14FB3D3650FF}"
EndProject
Project("{FAE04EC0-301F-11D3-BF4B-00C04F79EFBC}") = "task.waitall", "task.waitall\task.waitall.csproj", "{3FACB816-0400-4896-B165-AF65C7403B5C}"
EndProject
Project("{FAE04EC0-301F-11D3-BF4B-00C04F79EFBC}") = "task.waitany", "task.waitany\task.waitany.csproj", "{544E88A5-D352-4374-8825-1A1DC7557D70}"
EndProject
Project("{FAE04EC0-301F-11D3-BF4B-00C04F79EFBC}") = "task.continuation", "task.continuation\task.continuation.csproj", "{CF3EA4AA-1AAC-4134-A2FB-0E863796DBB7}"
EndProject
Project("{FAE04EC0-301F-11D3-BF4B-00C04F79EFBC}") = "task.attached.childs", "task.attached.childs\task.attached.childs.csproj", "{7892483D-64A3-477B-87D1-372985056602}"
EndProject
Project("{FAE04EC0-301F-11D3-BF4B-00C04F79EFBC}") = "task.create", "task.create\task.create.csproj", "{6DB34ECF-CFDE-4C2E-9D8D-B7CCB957FBB8}"
EndProject
Global
	GlobalSection(SolutionConfigurationPlatforms) = preSolution
		Debug|Any CPU = Debug|Any CPU
		Release|Any CPU = Release|Any CPU
	EndGlobalSection
	GlobalSection(ProjectConfigurationPlatforms) = postSolution
		{5682C651-1D4A-4E82-A003-0A7C579D3A7A}.Debug|Any CPU.ActiveCfg = Debug|Any CPU
		{5682C651-1D4A-4E82-A003-0A7C579D3A7A}.Debug|Any CPU.Build.0 = Debug|Any CPU
		{5682C651-1D4A-4E82-A003-0A7C579D3A7A}.Release|Any CPU.ActiveCfg = Release|Any CPU
		{5682C651-1D4A-4E82-A003-0A7C579D3A7A}.Release|Any CPU.Build.0 = Release|Any CPU
		{7A7830E0-67FE-44D7-878D-3C4B4C4A3D68}.Debug|Any CPU.ActiveCfg = Debug|Any CPU
		{7A7830E0-67FE-44D7-878D-3C4B4C4A3D68}.Debug|Any CPU.Build.0 = Debug|Any CPU
		{7A7830E0-67FE-44D7-878D-3C4B4C4A3D68}.Release|Any CPU.ActiveCfg = Release|Any CPU
		{7A7830E0-67FE-44D7-878D-3C4B4C4A3D68}.Release|Any CPU.Build.0 = Release|Any CPU
		{41F07BA7-1BA1-45E5-9730-627647B6551F}.Debug|Any CPU.ActiveCfg = Debug|Any CPU
		{41F07BA7-1BA1-45E5-9730-627647B6551F}.Debug|Any CPU.Build.0 = Debug|Any CPU
		{41F07BA7-1BA1-45E5-9730-627647B6551F}.Release|Any CPU.ActiveCfg = Release|Any CPU
		{41F07BA7-1BA1-45E5-9730-627647B6551F}.Release|Any CPU.Build.0 = Release|Any CPU
		{D8529C4B-8E8C-489E-BC58-10F463675C14}.Debug|Any CPU.ActiveCfg = Debug|Any CPU
		{D8529C4B-8E8C-489E-BC58-10F463675C14}.Debug|Any CPU.Build.0 = Debug|Any CPU
		{D8529C4B-8E8C-489E-BC58-10F463675C14}.Release|Any CPU.ActiveCfg = Release|Any CPU
		{D8529C4B-8E8C-489E-BC58-10F463675C14}.Release|Any CPU.Build.0 = Release|Any CPU
		{E550C021-9211-4F17-A136-9DB3A97D811D}.Debug|Any CPU.ActiveCfg = Debug|Any CPU
		{E550C021-9211-4F17-A136-9DB3A97D811D}.Debug|Any CPU.Build.0 = Debug|Any CPU
		{E550C021-9211-4F17-A136-9DB3A97D811D}.Release|Any CPU.ActiveCfg = Release|Any CPU
		{E550C021-9211-4F17-A136-9DB3A97D811D}.Release|Any CPU.Build.0 = Release|Any CPU
		{48796039-BD92-45F7-A7AD-5D382C96E7AD}.Debug|Any CPU.ActiveCfg = Debug|Any CPU
		{48796039-BD92-45F7-A7AD-5D382C96E7AD}.Debug|Any CPU.Build.0 = Debug|Any CPU
		{48796039-BD92-45F7-A7AD-5D382C96E7AD}.Release|Any CPU.ActiveCfg = Release|Any CPU
		{48796039-BD92-45F7-A7AD-5D382C96E7AD}.Release|Any CPU.Build.0 = Release|Any CPU
		{D0F07DB1-C9C9-4099-82F7-B6BDE00CE2C2}.Debug|Any CPU.ActiveCfg = Debug|Any CPU
		{D0F07DB1-C9C9-4099-82F7-B6BDE00CE2C2}.Debug|Any CPU.Build.0 = Debug|Any CPU
		{D0F07DB1-C9C9-4099-82F7-B6BDE00CE2C2}.Release|Any CPU.ActiveCfg = Release|Any CPU
		{D0F07DB1-C9C9-4099-82F7-B6BDE00CE2C2}.Release|Any CPU.Build.0 = Release|Any CPU
		{0C17102B-A692-42F7-AAB6-9A1454E33F6A}.Debug|Any CPU.ActiveCfg = Debug|Any CPU
		{0C17102B-A692-42F7-AAB6-9A1454E33F6A}.Debug|Any CPU.Build.0 = Debug|Any CPU
		{0C17102B-A692-42F7-AAB6-9A1454E33F6A}.Release|Any CPU.ActiveCfg = Release|Any CPU
		{0C17102B-A692-42F7-AAB6-9A1454E33F6A}.Release|Any CPU.Build.0 = Release|Any CPU
		{0E417453-D847-48A4-A414-14FB3D3650FF}.Debug|Any CPU.ActiveCfg = Debug|Any CPU
		{0E417453-D847-48A4-A414-14FB3D3650FF}.Debug|Any CPU.Build.0 = Debug|Any CPU
		{0E417453-D847-48A4-A414-14FB3D3650FF}.Release|Any CPU.ActiveCfg = Release|Any CPU
		{0E417453-D847-48A4-A414-14FB3D3650FF}.Release|Any CPU.Build.0 = Release|Any CPU
		{3FACB816-0400-4896-B165-AF65C7403B5C}.Debug|Any CPU.ActiveCfg = Debug|Any CPU
		{3FACB816-0400-4896-B165-AF65C7403B5C}.Debug|Any CPU.Build.0 = Debug|Any CPU
		{3FACB816-0400-4896-B165-AF65C7403B5C}.Release|Any CPU.ActiveCfg = Release|Any CPU
		{3FACB816-0400-4896-B165-AF65C7403B5C}.Release|Any CPU.Build.0 = Release|Any CPU
		{544E88A5-D352-4374-8825-1A1DC7557D70}.Debug|Any CPU.ActiveCfg = Debug|Any CPU
		{544E88A5-D352-4374-8825-1A1DC7557D70}.Debug|Any CPU.Build.0 = Debug|Any CPU
		{544E88A5-D352-4374-8825-1A1DC7557D70}.Release|Any CPU.ActiveCfg = Release|Any CPU
		{544E88A5-D352-4374-8825-1A1DC7557D70}.Release|Any CPU.Build.0 = Release|Any CPU
		{CF3EA4AA-1AAC-4134-A2FB-0E863796DBB7}.Debug|Any CPU.ActiveCfg = Debug|Any CPU
		{CF3EA4AA-1AAC-4134-A2FB-0E863796DBB7}.Debug|Any CPU.Build.0 = Debug|Any CPU
		{CF3EA4AA-1AAC-4134-A2FB-0E863796DBB7}.Release|Any CPU.ActiveCfg = Release|Any CPU
		{CF3EA4AA-1AAC-4134-A2FB-0E863796DBB7}.Release|Any CPU.Build.0 = Release|Any CPU
		{7892483D-64A3-477B-87D1-372985056602}.Debug|Any CPU.ActiveCfg = Debug|Any CPU
		{7892483D-64A3-477B-87D1-372985056602}.Debug|Any CPU.Build.0 = Debug|Any CPU
		{7892483D-64A3-477B-87D1-372985056602}.Release|Any CPU.ActiveCfg = Release|Any CPU
		{7892483D-64A3-477B-87D1-372985056602}.Release|Any CPU.Build.0 = Release|Any CPU
		{6DB34ECF-CFDE-4C2E-9D8D-B7CCB957FBB8}.Debug|Any CPU.ActiveCfg = Debug|Any CPU
		{6DB34ECF-CFDE-4C2E-9D8D-B7CCB957FBB8}.Debug|Any CPU.Build.0 = Debug|Any CPU
		{6DB34ECF-CFDE-4C2E-9D8D-B7CCB957FBB8}.Release|Any CPU.ActiveCfg = Release|Any CPU
		{6DB34ECF-CFDE-4C2E-9D8D-B7CCB957FBB8}.Release|Any CPU.Build.0 = Release|Any CPU
	EndGlobalSection
	GlobalSection(SolutionProperties) = preSolution
		HideSolutionNode = FALSE
	EndGlobalSection
	GlobalSection(ExtensibilityGlobals) = postSolution
		SolutionGuid = {4CA40E6A-95D6-4845-AED6-8DF3381AE68A}
	EndGlobalSection
EndGlobal
